
Microsoft Visual Studio Solution File, Format Version 12.00
# Visual Studio Version 17
VisualStudioVersion = 17.13.35806.99
MinimumVisualStudioVersion = 10.0.40219.1
Project("{FAE04EC0-301F-11D3-BF4B-00C04F79EFBC}") = "Portfolio", "Portfolio\Portfolio.csproj", "{B42F9BEC-2B74-450C-8A56-69C1A339669B}"
EndProject
Project("{FAE04EC0-301F-11D3-BF4B-00C04F79EFBC}") = "Domain", "Domain\Domain.csproj", "{36124CAD-8FD1-46C7-8DB2-E227D6F4E30B}"
EndProject
Project("{FAE04EC0-301F-11D3-BF4B-00C04F79EFBC}") = "DataAccess", "DataAccess\DataAccess.csproj", "{775804C3-DC7D-4140-AC3A-9613F55F2950}"
EndProject
Project("{FAE04EC0-301F-11D3-BF4B-00C04F79EFBC}") = "Application", "Application\Application.csproj", "{AE8416C5-AFE4-49D7-AC47-7272DB847F67}"
EndProject
Project("{FAE04EC0-301F-11D3-BF4B-00C04F79EFBC}") = "Portfolio.UnitTests", "tests\Portfolio.UnitTests\Portfolio.UnitTests.csproj", "{85D44DE6-8851-46DF-B96A-F0A8206CB892}"
EndProject
Project("{FAE04EC0-301F-11D3-BF4B-00C04F79EFBC}") = "Portfolio.ArchitectureTests", "tests\Portfolio.ArchitectureTests\Portfolio.ArchitectureTests.csproj", "{95F84DCA-C135-4728-A4AB-2EE513854380}"
EndProject
Project("{FAE04EC0-301F-11D3-BF4B-00C04F79EFBC}") = "Portfolio.ContractTests", "tests\Portfolio.ContractTests\Portfolio.ContractTests.csproj", "{D04D36A0-AC40-4AAE-A7EF-DB2F78F360A8}"
EndProject
Project("{FAE04EC0-301F-11D3-BF4B-00C04F79EFBC}") = "Portfolio.IntegrationTests", "tests\Portfolio.IntegrationTests\Portfolio.IntegrationTests.csproj", "{C234124F-1013-4DC6-A573-6EFDC3BDA151}"
EndProject
Project("{FAE04EC0-301F-11D3-BF4B-00C04F79EFBC}") = "Portfolio.PerformanceSeeder", "tools\Portfolio.PerformanceSeeder\Portfolio.PerformanceSeeder.csproj", "{FD65025B-3752-49FD-9084-BCF9506E750D}"
EndProject
Project("{2150E333-8FDC-42A3-9474-1A3956D46DE8}") = "Solution Items", "Solution Items", "{8EC462FD-D22E-90A8-E5CE-7E832BA40C5D}"
	ProjectSection(SolutionItems) = preProject
		Dockerfile = Dockerfile
	EndProjectSection
EndProject
Global
	GlobalSection(SolutionConfigurationPlatforms) = preSolution
		Debug|Any CPU = Debug|Any CPU
		Release|Any CPU = Release|Any CPU
	EndGlobalSection
	GlobalSection(ProjectConfigurationPlatforms) = postSolution
		{B42F9BEC-2B74-450C-8A56-69C1A339669B}.Debug|Any CPU.ActiveCfg = Debug|Any CPU
		{B42F9BEC-2B74-450C-8A56-69C1A339669B}.Debug|Any CPU.Build.0 = Debug|Any CPU
		{B42F9BEC-2B74-450C-8A56-69C1A339669B}.Release|Any CPU.ActiveCfg = Release|Any CPU
		{B42F9BEC-2B74-450C-8A56-69C1A339669B}.Release|Any CPU.Build.0 = Release|Any CPU
		{36124CAD-8FD1-46C7-8DB2-E227D6F4E30B}.Debug|Any CPU.ActiveCfg = Debug|Any CPU
		{36124CAD-8FD1-46C7-8DB2-E227D6F4E30B}.Debug|Any CPU.Build.0 = Debug|Any CPU
		{36124CAD-8FD1-46C7-8DB2-E227D6F4E30B}.Release|Any CPU.ActiveCfg = Release|Any CPU
		{36124CAD-8FD1-46C7-8DB2-E227D6F4E30B}.Release|Any CPU.Build.0 = Release|Any CPU
		{775804C3-DC7D-4140-AC3A-9613F55F2950}.Debug|Any CPU.ActiveCfg = Debug|Any CPU
		{775804C3-DC7D-4140-AC3A-9613F55F2950}.Debug|Any CPU.Build.0 = Debug|Any CPU
		{775804C3-DC7D-4140-AC3A-9613F55F2950}.Release|Any CPU.ActiveCfg = Release|Any CPU
		{775804C3-DC7D-4140-AC3A-9613F55F2950}.Release|Any CPU.Build.0 = Release|Any CPU
		{AE8416C5-AFE4-49D7-AC47-7272DB847F67}.Debug|Any CPU.ActiveCfg = Debug|Any CPU
		{AE8416C5-AFE4-49D7-AC47-7272DB847F67}.Debug|Any CPU.Build.0 = Debug|Any CPU
		{AE8416C5-AFE4-49D7-AC47-7272DB847F67}.Release|Any CPU.ActiveCfg = Release|Any CPU
		{AE8416C5-AFE4-49D7-AC47-7272DB847F67}.Release|Any CPU.Build.0 = Release|Any CPU
		{85D44DE6-8851-46DF-B96A-F0A8206CB892}.Debug|Any CPU.ActiveCfg = Debug|Any CPU
		{85D44DE6-8851-46DF-B96A-F0A8206CB892}.Debug|Any CPU.Build.0 = Debug|Any CPU
		{85D44DE6-8851-46DF-B96A-F0A8206CB892}.Release|Any CPU.ActiveCfg = Release|Any CPU
		{85D44DE6-8851-46DF-B96A-F0A8206CB892}.Release|Any CPU.Build.0 = Release|Any CPU
		{95F84DCA-C135-4728-A4AB-2EE513854380}.Debug|Any CPU.ActiveCfg = Debug|Any CPU
		{95F84DCA-C135-4728-A4AB-2EE513854380}.Debug|Any CPU.Build.0 = Debug|Any CPU
		{95F84DCA-C135-4728-A4AB-2EE513854380}.Release|Any CPU.ActiveCfg = Release|Any CPU
		{95F84DCA-C135-4728-A4AB-2EE513854380}.Release|Any CPU.Build.0 = Release|Any CPU
		{D04D36A0-AC40-4AAE-A7EF-DB2F78F360A8}.Debug|Any CPU.ActiveCfg = Debug|Any CPU
		{D04D36A0-AC40-4AAE-A7EF-DB2F78F360A8}.Debug|Any CPU.Build.0 = Debug|Any CPU
		{D04D36A0-AC40-4AAE-A7EF-DB2F78F360A8}.Release|Any CPU.ActiveCfg = Release|Any CPU
		{D04D36A0-AC40-4AAE-A7EF-DB2F78F360A8}.Release|Any CPU.Build.0 = Release|Any CPU
		{C234124F-1013-4DC6-A573-6EFDC3BDA151}.Debug|Any CPU.ActiveCfg = Debug|Any CPU
		{C234124F-1013-4DC6-A573-6EFDC3BDA151}.Debug|Any CPU.Build.0 = Debug|Any CPU
		{C234124F-1013-4DC6-A573-6EFDC3BDA151}.Release|Any CPU.ActiveCfg = Release|Any CPU
		{C234124F-1013-4DC6-A573-6EFDC3BDA151}.Release|Any CPU.Build.0 = Release|Any CPU
		{FD65025B-3752-49FD-9084-BCF9506E750D}.Debug|Any CPU.ActiveCfg = Debug|Any CPU
		{FD65025B-3752-49FD-9084-BCF9506E750D}.Debug|Any CPU.Build.0 = Debug|Any CPU
		{FD65025B-3752-49FD-9084-BCF9506E750D}.Release|Any CPU.ActiveCfg = Release|Any CPU
		{FD65025B-3752-49FD-9084-BCF9506E750D}.Release|Any CPU.Build.0 = Release|Any CPU
	EndGlobalSection
	GlobalSection(SolutionProperties) = preSolution
		HideSolutionNode = FALSE
	EndGlobalSection
	GlobalSection(ExtensibilityGlobals) = postSolution
		SolutionGuid = {388CDDB4-F9FA-4ABA-B485-40DFC2564FD7}
	EndGlobalSection
EndGlobal
